<?xml version="1.0" encoding="utf-8"?>
<Project ToolsVersion="4.0" xmlns="http://schemas.microsoft.com/developer/msbuild/2003">
  <ItemGroup>
    <Filter Include="Source Files">
      <UniqueIdentifier>{4FC737F1-C7A5-4376-A066-2A32D752A2FF}</UniqueIdentifier>
      <Extensions>cpp;c;cc;cxx;def;odl;idl;hpj;bat;asm;asmx</Extensions>
    </Filter>
    <Filter Include="Header Files">
      <UniqueIdentifier>{93995380-89BD-4b04-88EB-625FBE52EBFB}</UniqueIdentifier>
      <Extensions>h;hh;hpp;hxx;hm;inl;inc;ipp;xsd</Extensions>
    </Filter>
    <Filter Include="Resource Files">
      <UniqueIdentifier>{67DA6AB6-F800-4c08-8B7A-83BB121AAD01}</UniqueIdentifier>
      <Extensions>rc;ico;cur;bmp;dlg;rc2;rct;bin;rgs;gif;jpg;jpeg;jpe;resx;tiff;tif;png;wav;mfcribbon-ms</Extensions>
    </Filter>
  </ItemGroup>
  <ItemGroup>
    <ClCompile Include="source\nsmb\ostream.cpp">
      <Filter>Source Files</Filter>
    </ClCompile>
    <ClCompile Include="source\main_menu_scene.cpp">
      <Filter>Source Files</Filter>
    </ClCompile>
    <ClCompile Include="source\ramviewer.cpp">
      <Filter>Source Files</Filter>
    </ClCompile>
    <ClCompile Include="source\stage_oam_bg.cpp">
      <Filter>Source Files</Filter>
    </ClCompile>
    <ClCompile Include="source\red_ring.cpp">
      <Filter>Source Files</Filter>
    </ClCompile>
    <ClCompile Include="source\stage_inv_items.cpp">
      <Filter>Source Files</Filter>
    </ClCompile>
    <ClCompile Include="source\player_start.cpp">
      <Filter>Source Files</Filter>
    </ClCompile>
    <ClCompile Include="source\player_anims.cpp">
      <Filter>Source Files</Filter>
    </ClCompile>
    <ClCompile Include="source\misc.cpp">
      <Filter>Source Files</Filter>
    </ClCompile>
    <ClCompile Include="source\beta_pipe_cannon.cpp">
      <Filter>Source Files</Filter>
    </ClCompile>
    <ClCompile Include="source\actors\BackgroundSwapper.cpp">
      <Filter>Source Files</Filter>
    </ClCompile>
    <ClCompile Include="source\player_collide.cpp">
      <Filter>Source Files</Filter>
    </ClCompile>
    <ClCompile Include="source\actors\ItemBlock.cpp">
      <Filter>Source Files</Filter>
    </ClCompile>
    <ClCompile Include="source\nsmb\events.cpp">
      <Filter>Source Files</Filter>
    </ClCompile>
    <ClCompile Include="source\level_backup_maker.cpp">
      <Filter>Source Files</Filter>
    </ClCompile>
  </ItemGroup>
  <ItemGroup>
    <ClInclude Include="include\nsmb.h">
      <Filter>Header Files</Filter>
    </ClInclude>
    <ClInclude Include="include\nsmb\ostream.hpp">
      <Filter>Header Files</Filter>
    </ClInclude>
    <ClInclude Include="include\nsmb\misc.h">
      <Filter>Header Files</Filter>
    </ClInclude>
    <ClInclude Include="include\nsmb\nfs.h">
      <Filter>Header Files</Filter>
    </ClInclude>
    <ClInclude Include="include\nsmb\oam.h">
      <Filter>Header Files</Filter>
    </ClInclude>
    <ClInclude Include="include\nsmb\ostream.hpp">
      <Filter>Header Files</Filter>
    </ClInclude>
    <ClInclude Include="include\nsmb\vector.h">
      <Filter>Header Files</Filter>
    </ClInclude>
    <ClInclude Include="include\nsmb\sound.h">
      <Filter>Header Files</Filter>
    </ClInclude>
    <ClInclude Include="include\nsmb\model.h">
      <Filter>Header Files</Filter>
    </ClInclude>
    <ClInclude Include="include\nsmb\actor\player.h">
      <Filter>Header Files</Filter>
    </ClInclude>
    <ClInclude Include="include\nsmb\actor\actor.h">
      <Filter>Header Files</Filter>
    </ClInclude>
    <ClInclude Include="include\nsmb\actor\collider.h">
      <Filter>Header Files</Filter>
    </ClInclude>
    <ClInclude Include="include\nsmb\actor\nsmbtypes.h">
      <Filter>Header Files</Filter>
    </ClInclude>
    <ClInclude Include="include\nsmb\actor\physics.h">
      <Filter>Header Files</Filter>
    </ClInclude>
    <ClInclude Include="include\nsmb\bnbl.h">
      <Filter>Header Files</Filter>
    </ClInclude>
    <ClInclude Include="include\nsmb\bncl.h">
      <Filter>Header Files</Filter>
    </ClInclude>
    <ClInclude Include="include\nsmb\nocashPrint.h">
      <Filter>Header Files</Filter>
    </ClInclude>
    <ClInclude Include="include\nsmb\heap.h">
      <Filter>Header Files</Filter>
    </ClInclude>
    <ClInclude Include="include\nsmb\fxmath.h">
      <Filter>Header Files</Filter>
    </ClInclude>
    <ClInclude Include="include\nsmb\vector\vec2.hpp">
      <Filter>Header Files</Filter>
    </ClInclude>
    <ClInclude Include="include\nsmb\vector\vec3.hpp">
      <Filter>Header Files</Filter>
    </ClInclude>
    <ClInclude Include="include\nsmb\vector\s16vec3.hpp">
      <Filter>Header Files</Filter>
    </ClInclude>
    <ClInclude Include="include\nsmb\actor\solidcollision.h">
      <Filter>Header Files</Filter>
    </ClInclude>
    <ClInclude Include="source\actors\BackgroundSwapper.h">
      <Filter>Header Files</Filter>
    </ClInclude>
    <ClInclude Include="source\actors\ItemBlock.h">
      <Filter>Header Files</Filter>
    </ClInclude>
    <ClInclude Include="..\nsmb-coop\include\nsmb\events.h">
      <Filter>Header Files</Filter>
    </ClInclude>
    <ClInclude Include="include\nsmb\events.h">
      <Filter>Header Files</Filter>
    </ClInclude>
  </ItemGroup>
  <ItemGroup>
    <None Include="Makefile" />
    <None Include="replaces.x" />
    <None Include="symbols.x" />
    <None Include="source\nsmb\model3d_draw.s" />
    <None Include="source\nsmb\ostreambuffer.s" />
    <None Include="source\nsmb\printf.s" />
    <None Include="source\ramviewer_asm.s" />
    <None Include="source\BossLoad.s" />
    <None Include="source\debugscreen.s" />
    <None Include="source\nofreeze.s" />
    <None Include="source\pipe_cannon_mod.s.bak" />
    <None Include="linker.x" />
    <None Include="bak\0.bin">
      <Filter>Resource Files</Filter>
    </None>
    <None Include="bak\1.bin">
      <Filter>Resource Files</Filter>
    </None>
    <None Include="bak\9.bin">
      <Filter>Resource Files</Filter>
    </None>
    <None Include="bak\10.bin">
      <Filter>Resource Files</Filter>
    </None>
    <None Include="bak\11.bin">
      <Filter>Resource Files</Filter>
    </None>
    <None Include="bak\12.bin">
      <Filter>Resource Files</Filter>
    </None>
    <None Include="bak\42.bin">
      <Filter>Resource Files</Filter>
    </None>
    <None Include="bak\52.bin">
      <Filter>Resource Files</Filter>
    </None>
    <None Include="bak\54.bin">
      <Filter>Resource Files</Filter>
    </None>
    <None Include="bak\68.bin">
      <Filter>Resource Files</Filter>
    </None>
    <None Include="bak\118.bin">
      <Filter>Resource Files</Filter>
    </None>
    <None Include="bak\main.bin">
      <Filter>Resource Files</Filter>
    </None>
    <None Include="bak_safe\main.bin">
      <Filter>Resource Files</Filter>
    </None>
    <None Include="source\nsbtx_color_swap.s" />
    <None Include="source\beta_mushrooms.s" />
    <None Include="source\actors\BackgroundSwapper_asm.s" />
    <None Include="source\player_collide_asm.s" />
    <None Include="source\actors\ItemBlock_asm.s" />
    <None Include="source\red_ring_asm.s" />
  </ItemGroup>
  <ItemGroup>
    <Text Include="arenaoffs.txt" />
  </ItemGroup>
</Project>